Microsoft Visual Studio Solution File, Format Version 12.00
# Visual Studio Version 17
VisualStudioVersion = 17.5.2.0
MinimumVisualStudioVersion = 10.0.40219.1
Project("{FAE04EC0-301F-11D3-BF4B-00C04F79EFBC}") = "TeamsBot", "TeamsBot.csproj", "{2132292F-8705-9160-507C-15C59AA024A5}"
EndProject
Global
	GlobalSection(SolutionConfigurationPlatforms) = preSolution
		Debug|Any CPU = Debug|Any CPU
		Release|Any CPU = Release|Any CPU
	EndGlobalSection
	GlobalSection(ProjectConfigurationPlatforms) = postSolution
		{2132292F-8705-9160-507C-15C59AA024A5}.Debug|Any CPU.ActiveCfg = Debug|Any CPU
		{2132292F-8705-9160-507C-15C59AA024A5}.Debug|Any CPU.Build.0 = Debug|Any CPU
		{2132292F-8705-9160-507C-15C59AA024A5}.Release|Any CPU.ActiveCfg = Release|Any CPU
		{2132292F-8705-9160-507C-15C59AA024A5}.Release|Any CPU.Build.0 = Release|Any CPU
	EndGlobalSection
	GlobalSection(SolutionProperties) = preSolution
		HideSolutionNode = FALSE
	EndGlobalSection
	GlobalSection(ExtensibilityGlobals) = postSolution
		SolutionGuid = {766A89EC-D02F-425F-88BA-7DE6A60C715E}
	EndGlobalSection
EndGlobal
